PODS:
  - Braintree/Card (4.7.0):
    - Braintree/Core
  - Braintree/Core (4.7.0)
  - React (0.41.2):
    - React/Core (= 0.41.2)
  - react-native-braintree-card (0.0.1):
    - Braintree/Card (~> 4.0)
  - React/Core (0.41.2):
    - React/cxxreact
    - React/yoga
  - React/cxxreact (0.41.2):
    - React/jschelpers
  - React/jschelpers (0.41.2)
  - React/yoga (0.41.2)

DEPENDENCIES:
  - React (from `../node_modules/react-native`)
  - react-native-braintree-card (from `../node_modules/react-native-braintree-card`)

EXTERNAL SOURCES:
  React:
    :path: "../node_modules/react-native"
  react-native-braintree-card:
    :path: "../node_modules/react-native-braintree-card"

SPEC CHECKSUMS:
  Braintree: 2d53c805e93a5830a4359a757be50fc0f25392a9
  React: 2b10c07d947dea71c144a33764e9162ed81e3825
  react-native-braintree-card: 681ded2165297a6be929fa526c137adf259f3f0f

PODFILE CHECKSUM: 73c621f98516961ec430821afb589e156b7b72fb

COCOAPODS: 1.0.0
